// !$*UTF8*$!
{
	archiveVersion = 1;
	classes = {
	};
	objectVersion = 46;
	objects = {

/* Begin PBXBuildFile section */
		C6B726BB1CFBCF6C00E6EA50 /* main.m in Sources */ = {isa = PBXBuildFile; fileRef = C6B726BA1CFBCF6C00E6EA50 /* main.m */; };
		C6B726BE1CFBCF6C00E6EA50 /* AppDelegate.m in Sources */ = {isa = PBXBuildFile; fileRef = C6B726BD1CFBCF6C00E6EA50 /* AppDelegate.m */; };
		C6B726C11CFBCF6C00E6EA50 /* ViewController.m in Sources */ = {isa = PBXBuildFile; fileRef = C6B726C01CFBCF6C00E6EA50 /* ViewController.m */; };
		C6B726C41CFBCF6C00E6EA50 /* Main.storyboard in Resources */ = {isa = PBXBuildFile; fileRef = C6B726C21CFBCF6C00E6EA50 /* Main.storyboard */; };
		C6B726C61CFBCF6C00E6EA50 /* Assets.xcassets in Resources */ = {isa = PBXBuildFile; fileRef = C6B726C51CFBCF6C00E6EA50 /* Assets.xcassets */; };
		C6B726C91CFBCF6C00E6EA50 /* LaunchScreen.storyboard in Resources */ = {isa = PBXBuildFile; fileRef = C6B726C71CFBCF6C00E6EA50 /* LaunchScreen.storyboard */; };
		C6B726D21CFBD1E300E6EA50 /* gggViewController.m in Sources */ = {isa = PBXBuildFile; fileRef = C6B726D11CFBD1E300E6EA50 /* gggViewController.m */; };
/* End PBXBuildFile section */

/* Begin PBXFileReference section */
		C6B726B61CFBCF6C00E6EA50 /* GitHubTest1.app */ = {isa = PBXFileReference; explicitFileType = wrapper.application; includeInIndex = 0; path = GitHubTest1.app; sourceTree = BUILT_PRODUCTS_DIR; };
		C6B726BA1CFBCF6C00E6EA50 /* main.m */ = {isa = PBXFileReference; lastKnownFileType = sourcecode.c.objc; path = main.m; sourceTree = "<group>"; };
		C6B726BC1CFBCF6C00E6EA50 /* AppDelegate.h */ = {isa = PBXFileReference; lastKnownFileType = sourcecode.c.h; path = AppDelegate.h; sourceTree = "<group>"; };
		C6B726BD1CFBCF6C00E6EA50 /* AppDelegate.m */ = {isa = PBXFileReference; lastKnownFileType = sourcecode.c.objc; path = AppDelegate.m; sourceTree = "<group>"; };
		C6B726BF1CFBCF6C00E6EA50 /* ViewController.h */ = {isa = PBXFileReference; lastKnownFileType = sourcecode.c.h; path = ViewController.h; sourceTree = "<group>"; };
		C6B726C01CFBCF6C00E6EA50 /* ViewController.m */ = {isa = PBXFileReference; lastKnownFileType = sourcecode.c.objc; path = ViewController.m; sourceTree = "<group>"; };
		C6B726C31CFBCF6C00E6EA50 /* Base */ = {isa = PBXFileReference; lastKnownFileType = file.storyboard; name = Base; path = Base.lproj/Main.storyboard; sourceTree = "<group>"; };
		C6B726C51CFBCF6C00E6EA50 /* Assets.xcassets */ = {isa = PBXFileReference; lastKnownFileType = folder.assetcatalog; path = Assets.xcassets; sourceTree = "<group>"; };
		C6B726C81CFBCF6C00E6EA50 /* Base */ = {isa = PBXFileReference; lastKnownFileType = file.storyboard; name = Base; path = Base.lproj/LaunchScreen.storyboard; sourceTree = "<group>"; };
		C6B726CA1CFBCF6C00E6EA50 /* Info.plist */ = {isa = PBXFileReference; lastKnownFileType = text.plist.xml; path = Info.plist; sourceTree = "<group>"; };
		C6B726D01CFBD1E300E6EA50 /* gggViewController.h */ = {isa = PBXFileReference; fileEncoding = 4; lastKnownFileType = sourcecode.c.h; path = gggViewController.h; sourceTree = "<group>"; };
		C6B726D11CFBD1E300E6EA50 /* gggViewController.m */ = {isa = PBXFileReference; fileEncoding = 4; lastKnownFileType = sourcecode.c.objc; path = gggViewController.m; sourceTree = "<group>"; };
/* End PBXFileReference section */

/* Begin PBXFrameworksBuildPhase section */
		C6B726B31CFBCF6C00E6EA50 /* Frameworks */ = {
			isa = PBXFrameworksBuildPhase;
			buildActionMask = 2147483647;
			files = (
			);
			runOnlyForDeploymentPostprocessing = 0;
		};
/* End PBXFrameworksBuildPhase section */

/* Begin PBXGroup section */
		C6B726AD1CFBCF6C00E6EA50 = {
			isa = PBXGroup;
			children = (
				C6B726B81CFBCF6C00E6EA50 /* GitHubTest1 */,
				C6B726B71CFBCF6C00E6EA50 /* Products */,
			);
			sourceTree = "<group>";
		};
		C6B726B71CFBCF6C00E6EA50 /* Products */ = {
			isa = PBXGroup;
			children = (
				C6B726B61CFBCF6C00E6EA50 /* GitHubTest1.app */,
			);
			name = Products;
			sourceTree = "<group>";
		};
		C6B726B81CFBCF6C00E6EA50 /* GitHubTest1 */ = {
			isa = PBXGroup;
			children = (
				C6B726BC1CFBCF6C00E6EA50 /* AppDelegate.h */,
				C6B726BD1CFBCF6C00E6EA50 /* AppDelegate.m */,
				C6B726BF1CFBCF6C00E6EA50 /* ViewController.h */,
				C6B726C01CFBCF6C00E6EA50 /* ViewController.m */,
				C6B726D01CFBD1E300E6EA50 /* gggViewController.h */,
				C6B726D11CFBD1E300E6EA50 /* gggViewController.m */,
				C6B726C21CFBCF6C00E6EA50 /* Main.storyboard */,
				C6B726C51CFBCF6C00E6EA50 /* Assets.xcassets */,
				C6B726C71CFBCF6C00E6EA50 /* LaunchScreen.storyboard */,
				C6B726CA1CFBCF6C00E6EA50 /* Info.plist */,
				C6B726B91CFBCF6C00E6EA50 /* Supporting Files */,
			);
			path = GitHubTest1;
			sourceTree = "<group>";
		};
		C6B726B91CFBCF6C00E6EA50 /* Supporting Files */ = {
			isa = PBXGroup;
			children = (
				C6B726BA1CFBCF6C00E6EA50 /* main.m */,
			);
			name = "Supporting Files";
			sourceTree = "<group>";
		};
/* End PBXGroup section */

/* Begin PBXNativeTarget section */
		C6B726B51CFBCF6C00E6EA50 /* GitHubTest1 */ = {
			isa = PBXNativeTarget;
			buildConfigurationList = C6B726CD1CFBCF6D00E6EA50 /* Build configuration list for PBXNativeTarget "GitHubTest1" */;
			buildPhases = (
				C6B726B21CFBCF6C00E6EA50 /* Sources */,
				C6B726B31CFBCF6C00E6EA50 /* Frameworks */,
				C6B726B41CFBCF6C00E6EA50 /* Resources */,
			);
			buildRules = (
			);
			dependencies = (
			);
			name = GitHubTest1;
			productName = GitHubTest1;
			productReference = C6B726B61CFBCF6C00E6EA50 /* GitHubTest1.app */;
			productType = "com.apple.product-type.application";
		};
/* End PBXNativeTarget section */

/* Begin PBXProject section */
		C6B726AE1CFBCF6C00E6EA50 /* Project object */ = {
			isa = PBXProject;
			attributes = {
				LastUpgradeCheck = 0720;
				ORGANIZATIONNAME = "刘超";
				TargetAttributes = {
					C6B726B51CFBCF6C00E6EA50 = {
						CreatedOnToolsVersion = 7.2.1;
					};
				};
			};
			buildConfigurationList = C6B726B11CFBCF6C00E6EA50 /* Build configuration list for PBXProject "GitHubTest1" */;
			compatibilityVersion = "Xcode 3.2";
			developmentRegion = English;
			hasScannedForEncodings = 0;
			knownRegions = (
				en,
				Base,
			);
			mainGroup = C6B726AD1CFBCF6C00E6EA50;
			productRefGroup = C6B726B71CFBCF6C00E6EA50 /* Products */;
			projectDirPath = "";
			projectRoot = "";
			targets = (
				C6B726B51CFBCF6C00E6EA50 /* GitHubTest1 */,
			);
		};
/* End PBXProject section */

/* Begin PBXResourcesBuildPhase section */
		C6B726B41CFBCF6C00E6EA50 /* Resources */ = {
			isa = PBXResourcesBuildPhase;
			buildActionMask = 2147483647;
			files = (
				C6B726C91CFBCF6C00E6EA50 /* LaunchScreen.storyboard in Resources */,
				C6B726C61CFBCF6C00E6EA50 /* Assets.xcassets in Resources */,
				C6B726C41CFBCF6C00E6EA50 /* Main.storyboard in Resources */,
			);
			runOnlyForDeploymentPostprocessing = 0;
		};
/* End PBXResourcesBuildPhase section */

/* Begin PBXSourcesBuildPhase section */
		C6B726B21CFBCF6C00E6EA50 /* Sources */ = {
			isa = PBXSourcesBuildPhase;
			buildActionMask = 2147483647;
			files = (
				C6B726C11CFBCF6C00E6EA50 /* ViewController.m in Sources */,
				C6B726BE1CFBCF6C00E6EA50 /* AppDelegate.m in Sources */,
				C6B726D21CFBD1E300E6EA50 /* gggViewController.m in Sources */,
				C6B726BB1CFBCF6C00E6EA50 /* main.m in Sources */,
			);
			runOnlyForDeploymentPostprocessing = 0;
		};
/* End PBXSourcesBuildPhase section */

/* Begin PBXVariantGroup section */
		C6B726C21CFBCF6C00E6EA50 /* Main.storyboard */ = {
			isa = PBXVariantGroup;
			children = (
				C6B726C31CFBCF6C00E6EA50 /* Base */,
			);
			name = Main.storyboard;
			sourceTree = "<group>";
		};
		C6B726C71CFBCF6C00E6EA50 /* LaunchScreen.storyboard */ = {
			isa = PBXVariantGroup;
			children = (
				C6B726C81CFBCF6C00E6EA50 /* Base */,
			);
			name = LaunchScreen.storyboard;
			sourceTree = "<group>";
		};
/* End PBXVariantGroup section */

/* Begin XCBuildConfiguration section */
		C6B726CB1CFBCF6D00E6EA50 /* Debug */ = {
			isa = XCBuildConfiguration;
			buildSettings = {
				ALWAYS_SEARCH_USER_PATHS = NO;
				CLANG_CXX_LANGUAGE_STANDARD = "gnu++0x";
				CLANG_CXX_LIBRARY = "libc++";
				CLANG_ENABLE_MODULES = YES;
				CLANG_ENABLE_OBJC_ARC = YES;
				CLANG_WARN_BOOL_CONVERSION = YES;
				CLANG_WARN_CONSTANT_CONVERSION = YES;
				CLANG_WARN_DIRECT_OBJC_ISA_USAGE = YES_ERROR;
				CLANG_WARN_EMPTY_BODY = YES;
				CLANG_WARN_ENUM_CONVERSION = YES;
				CLANG_WARN_INT_CONVERSION = YES;
				CLANG_WARN_OBJC_ROOT_CLASS = YES_ERROR;
				CLANG_WARN_UNREACHABLE_CODE = YES;
				CLANG_WARN__DUPLICATE_METHOD_MATCH = YES;
				"CODE_SIGN_IDENTITY[sdk=iphoneos*]" = "iPhone Developer";
				COPY_PHASE_STRIP = NO;
				DEBUG_INFORMATION_FORMAT = dwarf;
				ENABLE_STRICT_OBJC_MSGSEND = YES;
				ENABLE_TESTABILITY = YES;
				GCC_C_LANGUAGE_STANDARD = gnu99;
				GCC_DYNAMIC_NO_PIC = NO;
				GCC_NO_COMMON_BLOCKS = YES;
				GCC_OPTIMIZATION_LEVEL = 0;
				GCC_PREPROCESSOR_DEFINITIONS = (
					"DEBUG=1",
					"$(inherited)",
				);
				GCC_WARN_64_TO_32_BIT_CONVERSION = YES;
				GCC_WARN_ABOUT_RETURN_TYPE = YES_ERROR;
				GCC_WARN_UNDECLARED_SELECTOR = YES;
				GCC_WARN_UNINITIALIZED_AUTOS = YES_AGGRESSIVE;
				GCC_WARN_UNUSED_FUNCTION = YES;
				GCC_WARN_UNUSED_VARIABLE = YES;
				IPHONEOS_DEPLOYMENT_TARGET = 9.2;
				MTL_ENABLE_DEBUG_INFO = YES;
				ONLY_ACTIVE_ARCH = YES;
				SDKROOT = iphoneos;
				TARGETED_DEVICE_FAMILY = "1,2";
			};
			name = Debug;
		};
		C6B726CC1CFBCF6D00E6EA50 /* Release */ = {
			isa = XCBuildConfiguration;
			buildSettings = {
				ALWAYS_SEARCH_USER_PATHS = NO;
				CLANG_CXX_LANGUAGE_STANDARD = "gnu++0x";
				CLANG_CXX_LIBRARY = "libc++";
				CLANG_ENABLE_MODULES = YES;
				CLANG_ENABLE_OBJC_ARC = YES;
				CLANG_WARN_BOOL_CONVERSION = YES;
				CLANG_WARN_CONSTANT_CONVERSION = YES;
				CLANG_WARN_DIRECT_OBJC_ISA_USAGE = YES_ERROR;
				CLANG_WARN_EMPTY_BODY = YES;
				CLANG_WARN_ENUM_CONVERSION = YES;
				CLANG_WARN_INT_CONVERSION = YES;
				CLANG_WARN_OBJC_ROOT_CLASS = YES_ERROR;
				CLANG_WARN_UNREACHABLE_CODE = YES;
				CLANG_WARN__DUPLICATE_METHOD_MATCH = YES;
				"CODE_SIGN_IDENTITY[sdk=iphoneos*]" = "iPhone Developer";
				COPY_PHASE_STRIP = NO;
				DEBUG_INFORMATION_FORMAT = "dwarf-with-dsym";
				ENABLE_NS_ASSERTIONS = NO;
				ENABLE_STRICT_OBJC_MSGSEND = YES;
				GCC_C_LANGUAGE_STANDARD = gnu99;
				GCC_NO_COMMON_BLOCKS = YES;
				GCC_WARN_64_TO_32_BIT_CONVERSION = YES;
				GCC_WARN_ABOUT_RETURN_TYPE = YES_ERROR;
				GCC_WARN_UNDECLARED_SELECTOR = YES;
				GCC_WARN_UNINITIALIZED_AUTOS = YES_AGGRESSIVE;
				GCC_WARN_UNUSED_FUNCTION = YES;
				GCC_WARN_UNUSED_VARIABLE = YES;
				IPHONEOS_DEPLOYMENT_TARGET = 9.2;
				MTL_ENABLE_DEBUG_INFO = NO;
				SDKROOT = iphoneos;
				TARGETED_DEVICE_FAMILY = "1,2";
				VALIDATE_PRODUCT = YES;
			};
			name = Release;
		};
		C6B726CE1CFBCF6D00E6EA50 /* Debug */ = {
			isa = XCBuildConfiguration;
			buildSettings = {
				ASSETCATALOG_COMPILER_APPICON_NAME = AppIcon;
				INFOPLIST_FILE = GitHubTest1/Info.plist;
				LD_RUNPATH_SEARCH_PATHS = "$(inherited) @executable_path/Frameworks";
				PRODUCT_BUNDLE_IDENTIFIER = www.GitHubTest1;
				PRODUCT_NAME = "$(TARGET_NAME)";
			};
			name = Debug;
		};
		C6B726CF1CFBCF6D00E6EA50 /* Release */ = {
			isa = XCBuildConfiguration;
			buildSettings = {
				ASSETCATALOG_COMPILER_APPICON_NAME = AppIcon;
				INFOPLIST_FILE = GitHubTest1/Info.plist;
				LD_RUNPATH_SEARCH_PATHS = "$(inherited) @executable_path/Frameworks";
				PRODUCT_BUNDLE_IDENTIFIER = www.GitHubTest1;
				PRODUCT_NAME = "$(TARGET_NAME)";
			};
			name = Release;
		};
/* End XCBuildConfiguration section */

/* Begin XCConfigurationList section */
		C6B726B11CFBCF6C00E6EA50 /* Build configuration list for PBXProject "GitHubTest1" */ = {
			isa = XCConfigurationList;
			buildConfigurations = (
				C6B726CB1CFBCF6D00E6EA50 /* Debug */,
				C6B726CC1CFBCF6D00E6EA50 /* Release */,
			);
			defaultConfigurationIsVisible = 0;
			defaultConfigurationName = Release;
		};
		C6B726CD1CFBCF6D00E6EA50 /* Build configuration list for PBXNativeTarget "GitHubTest1" */ = {
			isa = XCConfigurationList;
			buildConfigurations = (
				C6B726CE1CFBCF6D00E6EA50 /* Debug */,
				C6B726CF1CFBCF6D00E6EA50 /* Release */,
			);
			defaultConfigurationIsVisible = 0;
		};
/* End XCConfigurationList section */
	};
	rootObject = C6B726AE1CFBCF6C00E6EA50 /* Project object */;
}
